{
  "version": 4,
  "terraform_version": "1.8.4",
  "serial": 8,
  "lineage": "adab98b1-4aa6-ca59-303b-1232fe620cdb",
  "outputs": {
    "key_vault_uri": {
      "value": null,
      "type": "string"
    },
    "public_ip_address": {
      "value": null,
      "type": "string"
    },
    "storage_account_name": {

      "value": null,
      "type": "string"
    }
  },
  "resources": [
    {
      "mode": "data",
      "type": "azurerm_client_config",
      "name": "Novasphere",
      "provider": "provider[\"registry.terraform.io/hashicorp/azurerm\"]",
      "instances": [
        {
          "schema_version": 0,
          "attributes": {
            "client_id": "04b07795-8ddb-461a-bbee-02f9e1bf7b46",
            "id": "Y2xpZW50Q29uZmlncy9jbGllbnRJZD0wNGIwNzc5NS04ZGRiLTQ2MWEtYmJlZS0wMmY5ZTFiZjdiNDY7b2JqZWN0SWQ9YTA1YmRiM2MtOTNkOS00OTg2LThlY2YtMjM2NmFlYWY5YTAzO3N1YnNjcmlwdGlvbklkPTMzZWY5YjdkLWE5MTEtNGY5NC1iNWFmLWVjZTVjNjU5ODk1ZTt0ZW5hbnRJZD02NzMxODZkMC03ZWJlLTQ3MmQtYjJmMC02YmQxOTExYjliMTI=",
            "object_id": "a05bdb3c-93d9-4986-8ecf-2366aeaf9a03",
            "subscription_id": "33ef9b7d-a911-4f94-b5af-ece5c659895e",
            "tenant_id": "673186d0-7ebe-472d-b2f0-6bd1911b9b12",
            "timeouts": null
          },
          "sensitive_attributes": []
        }
      ]
    },
    {
      "mode": "data",
      "type": "azurerm_client_config",
      "name": "current",
      "provider": "provider[\"registry.terraform.io/hashicorp/azurerm\"]",
      "instances": [
        {
          "schema_version": 0,
          "attributes": {
            "client_id": "04b07795-8ddb-461a-bbee-02f9e1bf7b46",
            "id": "Y2xpZW50Q29uZmlncy9jbGllbnRJZD0wNGIwNzc5NS04ZGRiLTQ2MWEtYmJlZS0wMmY5ZTFiZjdiNDY7b2JqZWN0SWQ9YTA1YmRiM2MtOTNkOS00OTg2LThlY2YtMjM2NmFlYWY5YTAzO3N1YnNjcmlwdGlvbklkPTMzZWY5YjdkLWE5MTEtNGY5NC1iNWFmLWVjZTVjNjU5ODk1ZTt0ZW5hbnRJZD02NzMxODZkMC03ZWJlLTQ3MmQtYjJmMC02YmQxOTExYjliMTI=",
            "object_id": "a05bdb3c-93d9-4986-8ecf-2366aeaf9a03",
            "subscription_id": "33ef9b7d-a911-4f94-b5af-ece5c659895e",
            "tenant_id": "673186d0-7ebe-472d-b2f0-6bd1911b9b12",
            "timeouts": null
          },
          "sensitive_attributes": []
        }
      ]
    },
    {
      "mode": "managed",

      "type": "azurerm_network_security_group",
      "name": "testnsg01",
      "provider": "provider[\"registry.terraform.io/hashicorp/azurerm\"]",
      "instances": [
        {
          "schema_version": 0,
          "attributes": {
            "id": "/subscriptions/33ef9b7d-a911-4f94-b5af-ece5c659895e/resourceGroups/TestRG/providers/Microsoft.Network/networkSecurityGroups/app-nsg",
            "location": "eastus",
            "name": "app-nsg",
            "resource_group_name": "TestRG",
            "security_rule": [
              {
                "access": "Allow",
                "description": "",
                "destination_address_prefix": "*",
                "destination_address_prefixes": [],
                "destination_application_security_group_ids": [],
                "destination_port_range": "22",
                "destination_port_ranges": [],
                "direction": "Inbound",
                "name": "AllowSSH",
                "priority": 110,
                "protocol": "Tcp",
                "source_address_prefix": "*",
                "source_address_prefixes": [],
                "source_application_security_group_ids": [],
                "source_port_range": "*",
                "source_port_ranges": []
              },
              {
                "access": "Allow",
                "description": "",
                "destination_address_prefix": "*",
                "destination_address_prefixes": [],
                "destination_application_security_group_ids": [],
                "destination_port_range": "80",
                "destination_port_ranges": [],
                "direction": "Inbound",
                "name": "AllowHTTP",
                "priority": 100,
                "protocol": "Tcp",
                "source_address_prefix": "*",
                "source_address_prefixes": [],
                "source_application_security_group_ids": [],
                "source_port_range": "*",
                "source_port_ranges": []
              }
            ],
            "tags": {},
            "timeouts": null
          },
          "sensitive_attributes": [],
          "private": "eyJlMmJmYjczMC1lY2FhLTExZTYtOGY4OC0zNDM2M2JjN2M0YzAiOnsiY3JlYXRlIjoxODAwMDAwMDAwMDAwLCJkZWxldGUiOjE4MDAwMDAwMDAwMDAsInJlYWQiOjMwMDAwMDAwMDAwMCwidXBkYXRlIjoxODAwMDAwMDAwMDAwfSwic2NoZW1hX3ZlcnNpb24iOiIwIn0="
        }
      ]
    },
    {
      "mode": "managed",

      "type": "azurerm_resource_group",
      "name": "TestRG",
      "provider": "provider[\"registry.terraform.io/hashicorp/azurerm\"]",
      "instances": [
        {
          "schema_version": 0,
          "attributes": {
            "id": "/subscriptions/33ef9b7d-a911-4f94-b5af-ece5c659895e/resourceGroups/TestRG",
            "location": "eastus",
            "managed_by": "",
            "name": "TestRG",
            "tags": {},
            "timeouts": null
          },
          "sensitive_attributes": [],
          "private": "eyJlMmJmYjczMC1lY2FhLTExZTYtOGY4OC0zNDM2M2JjN2M0YzAiOnsiY3JlYXRlIjo1NDAwMDAwMDAwMDAwLCJkZWxldGUiOjU0MDAwMDAwMDAwMDAsInJlYWQiOjMwMDAwMDAwMDAwMCwidXBkYXRlIjo1NDAwMDAwMDAwMDAwfSwic2NoZW1hX3ZlcnNpb24iOiIwIn0="
        }
      ]
    }
  ],
  "check_results": null
}
